
Microsoft Visual Studio Solution File, Format Version 12.00
# Visual Studio Version 16
VisualStudioVersion = 16.0.32126.315
MinimumVisualStudioVersion = 10.0.40219.1
Project("{FAE04EC0-301F-11D3-BF4B-00C04F79EFBC}") = "Car_Insurance", "Car_Insurance.csproj", "{67CDC1FA-64AF-4638-AE06-537B06965A66}"
EndProject
Global
	GlobalSection(SolutionConfigurationPlatforms) = preSolution
		Debug|Any CPU = Debug|Any CPU
		Release|Any CPU = Release|Any CPU
	EndGlobalSection
	GlobalSection(ProjectConfigurationPlatforms) = postSolution
		{67CDC1FA-64AF-4638-AE06-537B06965A66}.Debug|Any CPU.ActiveCfg = Debug|Any CPU
		{67CDC1FA-64AF-4638-AE06-537B06965A66}.Debug|Any CPU.Build.0 = Debug|Any CPU
		{67CDC1FA-64AF-4638-AE06-537B06965A66}.Release|Any CPU.ActiveCfg = Release|Any CPU
		{67CDC1FA-64AF-4638-AE06-537B06965A66}.Release|Any CPU.Build.0 = Release|Any CPU
	EndGlobalSection
	GlobalSection(SolutionProperties) = preSolution
		HideSolutionNode = FALSE
	EndGlobalSection
	GlobalSection(ExtensibilityGlobals) = postSolution
		SolutionGuid = {0CDC7DD4-1987-475C-8BBD-D25F007B0E46}
	EndGlobalSection
EndGlobal
